
Microsoft Visual Studio Solution File, Format Version 12.00
# Visual Studio Version 17
VisualStudioVersion = 17.6.33801.468
MinimumVisualStudioVersion = 10.0.40219.1
Project("{9A19103F-16F7-4668-BE54-9A1E7A4F7556}") = "DonationTrackingSystem", "DonationTrackingSystem\DonationTrackingSystem.csproj", "{AEB38C13-2335-4BF8-B484-F8AE10CF7278}"
EndProject
Project("{FAE04EC0-301F-11D3-BF4B-00C04F79EFBC}") = "DonationTrackingSystem.Common", "DonationTrackingSystem.Common\DonationTrackingSystem.Common.csproj", "{E2233569-D501-4189-A3EA-658BC83A0192}"
EndProject
Project("{FAE04EC0-301F-11D3-BF4B-00C04F79EFBC}") = "DonationTrackingSystem.Data.Models", "DonationTrackingSystem.Data.Models\DonationTrackingSystem.Data.Models.csproj", "{FB989F1A-FE87-4FBC-A39C-73EECD67C86B}"
EndProject
Project("{FAE04EC0-301F-11D3-BF4B-00C04F79EFBC}") = "DonationTrackingSystem.Data", "DonationTrackingSystem.Data\DonationTrackingSystem.Data.csproj", "{B4F87F29-DC39-42A7-B317-97453FD33ACB}"
EndProject
Project("{FAE04EC0-301F-11D3-BF4B-00C04F79EFBC}") = "DonationTrackingSystem.Web.ViewModel", "DonationTrackingSystem.Web.ViewModel\DonationTrackingSystem.Web.ViewModel.csproj", "{4BE6EB2E-89E9-4B71-8AA4-7EED3434F50E}"
EndProject
Global
	GlobalSection(SolutionConfigurationPlatforms) = preSolution
		Debug|Any CPU = Debug|Any CPU
		Release|Any CPU = Release|Any CPU
	EndGlobalSection
	GlobalSection(ProjectConfigurationPlatforms) = postSolution
		{AEB38C13-2335-4BF8-B484-F8AE10CF7278}.Debug|Any CPU.ActiveCfg = Debug|Any CPU
		{AEB38C13-2335-4BF8-B484-F8AE10CF7278}.Debug|Any CPU.Build.0 = Debug|Any CPU
		{AEB38C13-2335-4BF8-B484-F8AE10CF7278}.Release|Any CPU.ActiveCfg = Release|Any CPU
		{AEB38C13-2335-4BF8-B484-F8AE10CF7278}.Release|Any CPU.Build.0 = Release|Any CPU
		{E2233569-D501-4189-A3EA-658BC83A0192}.Debug|Any CPU.ActiveCfg = Debug|Any CPU
		{E2233569-D501-4189-A3EA-658BC83A0192}.Debug|Any CPU.Build.0 = Debug|Any CPU
		{E2233569-D501-4189-A3EA-658BC83A0192}.Release|Any CPU.ActiveCfg = Release|Any CPU
		{E2233569-D501-4189-A3EA-658BC83A0192}.Release|Any CPU.Build.0 = Release|Any CPU
		{FB989F1A-FE87-4FBC-A39C-73EECD67C86B}.Debug|Any CPU.ActiveCfg = Debug|Any CPU
		{FB989F1A-FE87-4FBC-A39C-73EECD67C86B}.Debug|Any CPU.Build.0 = Debug|Any CPU
		{FB989F1A-FE87-4FBC-A39C-73EECD67C86B}.Release|Any CPU.ActiveCfg = Release|Any CPU
		{FB989F1A-FE87-4FBC-A39C-73EECD67C86B}.Release|Any CPU.Build.0 = Release|Any CPU
		{B4F87F29-DC39-42A7-B317-97453FD33ACB}.Debug|Any CPU.ActiveCfg = Debug|Any CPU
		{B4F87F29-DC39-42A7-B317-97453FD33ACB}.Debug|Any CPU.Build.0 = Debug|Any CPU
		{B4F87F29-DC39-42A7-B317-97453FD33ACB}.Release|Any CPU.ActiveCfg = Release|Any CPU
		{B4F87F29-DC39-42A7-B317-97453FD33ACB}.Release|Any CPU.Build.0 = Release|Any CPU
		{4BE6EB2E-89E9-4B71-8AA4-7EED3434F50E}.Debug|Any CPU.ActiveCfg = Debug|Any CPU
		{4BE6EB2E-89E9-4B71-8AA4-7EED3434F50E}.Debug|Any CPU.Build.0 = Debug|Any CPU
		{4BE6EB2E-89E9-4B71-8AA4-7EED3434F50E}.Release|Any CPU.ActiveCfg = Release|Any CPU
		{4BE6EB2E-89E9-4B71-8AA4-7EED3434F50E}.Release|Any CPU.Build.0 = Release|Any CPU
	EndGlobalSection
	GlobalSection(SolutionProperties) = preSolution
		HideSolutionNode = FALSE
	EndGlobalSection
	GlobalSection(ExtensibilityGlobals) = postSolution
		SolutionGuid = {198B7C7B-7E29-4253-A39A-A40B7FBDF35C}
	EndGlobalSection
EndGlobal
